
Microsoft Visual Studio Solution File, Format Version 12.00
# Visual Studio Version 16
VisualStudioVersion = 16.0.30907.101
MinimumVisualStudioVersion = 10.0.40219.1
Project("{FAE04EC0-301F-11D3-BF4B-00C04F79EFBC}") = "WPF Uvod", "WPF Uvod\WPF Uvod.csproj", "{7CD32915-B7CE-4266-8C42-7DB0A0AC8F71}"
EndProject
Global
	GlobalSection(SolutionConfigurationPlatforms) = preSolution
		Debug|Any CPU = Debug|Any CPU
		Release|Any CPU = Release|Any CPU
	EndGlobalSection
	GlobalSection(ProjectConfigurationPlatforms) = postSolution
		{7CD32915-B7CE-4266-8C42-7DB0A0AC8F71}.Debug|Any CPU.ActiveCfg = Debug|Any CPU
		{7CD32915-B7CE-4266-8C42-7DB0A0AC8F71}.Debug|Any CPU.Build.0 = Debug|Any CPU
		{7CD32915-B7CE-4266-8C42-7DB0A0AC8F71}.Release|Any CPU.ActiveCfg = Release|Any CPU
		{7CD32915-B7CE-4266-8C42-7DB0A0AC8F71}.Release|Any CPU.Build.0 = Release|Any CPU
	EndGlobalSection
	GlobalSection(SolutionProperties) = preSolution
		HideSolutionNode = FALSE
	EndGlobalSection
	GlobalSection(ExtensibilityGlobals) = postSolution
		SolutionGuid = {9F532F45-4BEF-486A-A627-4314E597D72B}
	EndGlobalSection
EndGlobal
